
Microsoft Visual Studio Solution File, Format Version 11.00
# Visual Studio 2010 Express for Windows Phone
Project("{FAE04EC0-301F-11D3-BF4B-00C04F79EFBC}") = "CTTDNUG.Phone", "CTTDNUG.Phone\CTTDNUG.Phone.csproj", "{C231F7B6-9E23-48AB-BB4E-18BC61FB2B2B}"
EndProject
Project("{FAE04EC0-301F-11D3-BF4B-00C04F79EFBC}") = "CTTDNUG.Model", "CTTDNUG.Model\CTTDNUG.Model.csproj", "{70BFA376-1A9F-41B4-86AA-DAED013AAD59}"
EndProject
Project("{FAE04EC0-301F-11D3-BF4B-00C04F79EFBC}") = "CTTDNUG.Data", "CTTDNUG.Data\CTTDNUG.Data.csproj", "{0D257746-7B8C-4EDF-A894-4B20AE18CC41}"
EndProject
Project("{FAE04EC0-301F-11D3-BF4B-00C04F79EFBC}") = "CTTDNUG.Business", "CTTDNUG.Business\CTTDNUG.Business.csproj", "{D0D1DA45-7C4B-4D52-A0AB-3906E43AE4D5}"
EndProject
Global
	GlobalSection(SolutionConfigurationPlatforms) = preSolution
		Debug|Any CPU = Debug|Any CPU
		Release|Any CPU = Release|Any CPU
	EndGlobalSection
	GlobalSection(ProjectConfigurationPlatforms) = postSolution
		{C231F7B6-9E23-48AB-BB4E-18BC61FB2B2B}.Debug|Any CPU.ActiveCfg = Debug|Any CPU
		{C231F7B6-9E23-48AB-BB4E-18BC61FB2B2B}.Debug|Any CPU.Build.0 = Debug|Any CPU
		{C231F7B6-9E23-48AB-BB4E-18BC61FB2B2B}.Debug|Any CPU.Deploy.0 = Debug|Any CPU
		{C231F7B6-9E23-48AB-BB4E-18BC61FB2B2B}.Release|Any CPU.ActiveCfg = Release|Any CPU
		{C231F7B6-9E23-48AB-BB4E-18BC61FB2B2B}.Release|Any CPU.Build.0 = Release|Any CPU
		{C231F7B6-9E23-48AB-BB4E-18BC61FB2B2B}.Release|Any CPU.Deploy.0 = Release|Any CPU
		{70BFA376-1A9F-41B4-86AA-DAED013AAD59}.Debug|Any CPU.ActiveCfg = Debug|Any CPU
		{70BFA376-1A9F-41B4-86AA-DAED013AAD59}.Debug|Any CPU.Build.0 = Debug|Any CPU
		{70BFA376-1A9F-41B4-86AA-DAED013AAD59}.Release|Any CPU.ActiveCfg = Release|Any CPU
		{70BFA376-1A9F-41B4-86AA-DAED013AAD59}.Release|Any CPU.Build.0 = Release|Any CPU
		{0D257746-7B8C-4EDF-A894-4B20AE18CC41}.Debug|Any CPU.ActiveCfg = Debug|Any CPU
		{0D257746-7B8C-4EDF-A894-4B20AE18CC41}.Debug|Any CPU.Build.0 = Debug|Any CPU
		{0D257746-7B8C-4EDF-A894-4B20AE18CC41}.Release|Any CPU.ActiveCfg = Release|Any CPU
		{0D257746-7B8C-4EDF-A894-4B20AE18CC41}.Release|Any CPU.Build.0 = Release|Any CPU
		{D0D1DA45-7C4B-4D52-A0AB-3906E43AE4D5}.Debug|Any CPU.ActiveCfg = Debug|Any CPU
		{D0D1DA45-7C4B-4D52-A0AB-3906E43AE4D5}.Debug|Any CPU.Build.0 = Debug|Any CPU
		{D0D1DA45-7C4B-4D52-A0AB-3906E43AE4D5}.Release|Any CPU.ActiveCfg = Release|Any CPU
		{D0D1DA45-7C4B-4D52-A0AB-3906E43AE4D5}.Release|Any CPU.Build.0 = Release|Any CPU
	EndGlobalSection
	GlobalSection(SolutionProperties) = preSolution
		HideSolutionNode = FALSE
	EndGlobalSection
EndGlobal
